
Microsoft Visual Studio Solution File, Format Version 12.00
# Visual Studio Version 17
VisualStudioVersion = 17.14.36310.24
MinimumVisualStudioVersion = 10.0.40219.1
Project("{FAE04EC0-301F-11D3-BF4B-00C04F79EFBC}") = "URIsDemo", "URIsDemo\URIsDemo.csproj", "{62D9B11D-5EE7-4BD8-98DD-EF14771603DA}"
EndProject
Project("{FAE04EC0-301F-11D3-BF4B-00C04F79EFBC}") = "WebRequestWebResponseDemo", "WebRequestWebResponseDemo\WebRequestWebResponseDemo.csproj", "{A022533B-ED3E-45B2-9062-0D994360CF74}"
EndProject
Project("{FAE04EC0-301F-11D3-BF4B-00C04F79EFBC}") = "HttpClientClassDemo1", "HttpClientClassDemo1\HttpClientClassDemo1.csproj", "{27A313DE-5224-43C8-996B-15D1D2A07C51}"
EndProject
Project("{FAE04EC0-301F-11D3-BF4B-00C04F79EFBC}") = "HttpClientClassDemo2", "HttpClientClassDemo2\HttpClientClassDemo2.csproj", "{FDDDE8A3-AE50-4BF3-81B9-CACE9435D335}"
EndProject
Project("{FAE04EC0-301F-11D3-BF4B-00C04F79EFBC}") = "DNSdemo", "DNSdemo\DNSdemo.csproj", "{5FF6FBC2-4D39-4824-B42F-2222E69CEFC7}"
EndProject
Global
	GlobalSection(SolutionConfigurationPlatforms) = preSolution
		Debug|Any CPU = Debug|Any CPU
		Release|Any CPU = Release|Any CPU
	EndGlobalSection
	GlobalSection(ProjectConfigurationPlatforms) = postSolution
		{62D9B11D-5EE7-4BD8-98DD-EF14771603DA}.Debug|Any CPU.ActiveCfg = Debug|Any CPU
		{62D9B11D-5EE7-4BD8-98DD-EF14771603DA}.Debug|Any CPU.Build.0 = Debug|Any CPU
		{62D9B11D-5EE7-4BD8-98DD-EF14771603DA}.Release|Any CPU.ActiveCfg = Release|Any CPU
		{62D9B11D-5EE7-4BD8-98DD-EF14771603DA}.Release|Any CPU.Build.0 = Release|Any CPU
		{A022533B-ED3E-45B2-9062-0D994360CF74}.Debug|Any CPU.ActiveCfg = Debug|Any CPU
		{A022533B-ED3E-45B2-9062-0D994360CF74}.Debug|Any CPU.Build.0 = Debug|Any CPU
		{A022533B-ED3E-45B2-9062-0D994360CF74}.Release|Any CPU.ActiveCfg = Release|Any CPU
		{A022533B-ED3E-45B2-9062-0D994360CF74}.Release|Any CPU.Build.0 = Release|Any CPU
		{27A313DE-5224-43C8-996B-15D1D2A07C51}.Debug|Any CPU.ActiveCfg = Debug|Any CPU
		{27A313DE-5224-43C8-996B-15D1D2A07C51}.Debug|Any CPU.Build.0 = Debug|Any CPU
		{27A313DE-5224-43C8-996B-15D1D2A07C51}.Release|Any CPU.ActiveCfg = Release|Any CPU
		{27A313DE-5224-43C8-996B-15D1D2A07C51}.Release|Any CPU.Build.0 = Release|Any CPU
		{FDDDE8A3-AE50-4BF3-81B9-CACE9435D335}.Debug|Any CPU.ActiveCfg = Debug|Any CPU
		{FDDDE8A3-AE50-4BF3-81B9-CACE9435D335}.Debug|Any CPU.Build.0 = Debug|Any CPU
		{FDDDE8A3-AE50-4BF3-81B9-CACE9435D335}.Release|Any CPU.ActiveCfg = Release|Any CPU
		{FDDDE8A3-AE50-4BF3-81B9-CACE9435D335}.Release|Any CPU.Build.0 = Release|Any CPU
		{5FF6FBC2-4D39-4824-B42F-2222E69CEFC7}.Debug|Any CPU.ActiveCfg = Debug|Any CPU
		{5FF6FBC2-4D39-4824-B42F-2222E69CEFC7}.Debug|Any CPU.Build.0 = Debug|Any CPU
		{5FF6FBC2-4D39-4824-B42F-2222E69CEFC7}.Release|Any CPU.ActiveCfg = Release|Any CPU
		{5FF6FBC2-4D39-4824-B42F-2222E69CEFC7}.Release|Any CPU.Build.0 = Release|Any CPU
	EndGlobalSection
	GlobalSection(SolutionProperties) = preSolution
		HideSolutionNode = FALSE
	EndGlobalSection
	GlobalSection(ExtensibilityGlobals) = postSolution
		SolutionGuid = {420536B8-8A00-4B52-A9E4-A204F6FC34C9}
	EndGlobalSection
EndGlobal
